<?xml version="1.0" encoding="utf-8"?>
<Project ToolsVersion="4.0" xmlns="http://schemas.microsoft.com/developer/msbuild/2003">
  <ItemGroup>
    <Filter Include="Source Files">
      <UniqueIdentifier>{4FC737F1-C7A5-4376-A066-2A32D752A2FF}</UniqueIdentifier>
      <Extensions>cpp;c;cc;cxx;def;odl;idl;hpj;bat;asm;asmx</Extensions>
    </Filter>
    <Filter Include="Header Files">
      <UniqueIdentifier>{93995380-89BD-4b04-88EB-625FBE52EBFB}</UniqueIdentifier>
      <Extensions>h;hpp;hxx;hm;inl;inc;xsd</Extensions>
    </Filter>
    <Filter Include="Resource Files">
      <UniqueIdentifier>{67DA6AB6-F800-4c08-8B7A-83BB121AAD01}</UniqueIdentifier>
      <Extensions>rc;ico;cur;bmp;dlg;rc2;rct;bin;rgs;gif;jpg;jpeg;jpe;resx;tiff;tif;png;wav</Extensions>
    </Filter>
    <Filter Include="SDK">
      <UniqueIdentifier>{d6881f4c-5e9c-4bb8-9e0d-d46082ee5353}</UniqueIdentifier>
    </Filter>
  </ItemGroup>
  <ItemGroup>
    <ClCompile Include="BaseHook.cpp">
      <Filter>Source Files</Filter>
    </ClCompile>
    <ClCompile Include="MemSearch.cpp">
      <Filter>Source Files</Filter>
    </ClCompile>
    <ClCompile Include="SDK\parsemsg.cpp">
      <Filter>SDK</Filter>
    </ClCompile>
  </ItemGroup>
  <ItemGroup>
    <ClInclude Include="BaseHook.h">
      <Filter>Header Files</Filter>
    </ClInclude>
    <ClInclude Include="CSSDK.h">
      <Filter>Header Files</Filter>
    </ClInclude>
    <ClInclude Include="CvarDef.h">
      <Filter>Header Files</Filter>
    </ClInclude>
    <ClInclude Include="HLSDK.h">
      <Filter>Header Files</Filter>
    </ClInclude>
    <ClInclude Include="MemSearch.h">
      <Filter>Header Files</Filter>
    </ClInclude>
    <ClInclude Include="MsgAPI.h">
      <Filter>Header Files</Filter>
    </ClInclude>
    <ClInclude Include="SDK\anorms.h">
      <Filter>SDK</Filter>
    </ClInclude>
    <ClInclude Include="SDK\beamdef.h">
      <Filter>SDK</Filter>
    </ClInclude>
    <ClInclude Include="SDK\cdll_dll.h">
      <Filter>SDK</Filter>
    </ClInclude>
    <ClInclude Include="SDK\cdll_engine_dll.h">
      <Filter>SDK</Filter>
    </ClInclude>
    <ClInclude Include="SDK\cdll_int.h">
      <Filter>SDK</Filter>
    </ClInclude>
    <ClInclude Include="SDK\cl_dll.h">
      <Filter>SDK</Filter>
    </ClInclude>
    <ClInclude Include="SDK\cl_entity.h">
      <Filter>SDK</Filter>
    </ClInclude>
    <ClInclude Include="SDK\com_model.h">
      <Filter>SDK</Filter>
    </ClInclude>
    <ClInclude Include="SDK\con_nprint.h">
      <Filter>SDK</Filter>
    </ClInclude>
    <ClInclude Include="SDK\const.h">
      <Filter>SDK</Filter>
    </ClInclude>
    <ClInclude Include="SDK\crc.h">
      <Filter>SDK</Filter>
    </ClInclude>
    <ClInclude Include="SDK\custom.h">
      <Filter>SDK</Filter>
    </ClInclude>
    <ClInclude Include="SDK\customentity.h">
      <Filter>SDK</Filter>
    </ClInclude>
    <ClInclude Include="SDK\cvardef.h">
      <Filter>SDK</Filter>
    </ClInclude>
    <ClInclude Include="SDK\demo_api.h">
      <Filter>SDK</Filter>
    </ClInclude>
    <ClInclude Include="SDK\director_cmds.h">
      <Filter>SDK</Filter>
    </ClInclude>
    <ClInclude Include="SDK\dlight.h">
      <Filter>SDK</Filter>
    </ClInclude>
    <ClInclude Include="SDK\dll_state.h">
      <Filter>SDK</Filter>
    </ClInclude>
    <ClInclude Include="SDK\edict.h">
      <Filter>SDK</Filter>
    </ClInclude>
    <ClInclude Include="SDK\eiface.h">
      <Filter>SDK</Filter>
    </ClInclude>
    <ClInclude Include="SDK\engine_launcher_api.h">
      <Filter>SDK</Filter>
    </ClInclude>
    <ClInclude Include="SDK\entity_state.h">
      <Filter>SDK</Filter>
    </ClInclude>
    <ClInclude Include="SDK\entity_types.h">
      <Filter>SDK</Filter>
    </ClInclude>
    <ClInclude Include="SDK\event_api.h">
      <Filter>SDK</Filter>
    </ClInclude>
    <ClInclude Include="SDK\event_args.h">
      <Filter>SDK</Filter>
    </ClInclude>
    <ClInclude Include="SDK\event_flags.h">
      <Filter>SDK</Filter>
    </ClInclude>
    <ClInclude Include="SDK\exefuncs.h">
      <Filter>SDK</Filter>
    </ClInclude>
    <ClInclude Include="SDK\hltv.h">
      <Filter>SDK</Filter>
    </ClInclude>
    <ClInclude Include="SDK\in_buttons.h">
      <Filter>SDK</Filter>
    </ClInclude>
    <ClInclude Include="SDK\interface.h">
      <Filter>SDK</Filter>
    </ClInclude>
    <ClInclude Include="SDK\itrackeruser.h">
      <Filter>SDK</Filter>
    </ClInclude>
    <ClInclude Include="SDK\ivoicetweak.h">
      <Filter>SDK</Filter>
    </ClInclude>
    <ClInclude Include="SDK\keydefs.h">
      <Filter>SDK</Filter>
    </ClInclude>
    <ClInclude Include="SDK\mathlib.h">
      <Filter>SDK</Filter>
    </ClInclude>
    <ClInclude Include="SDK\net_api.h">
      <Filter>SDK</Filter>
    </ClInclude>
    <ClInclude Include="SDK\netadr.h">
      <Filter>SDK</Filter>
    </ClInclude>
    <ClInclude Include="SDK\nowin.h">
      <Filter>SDK</Filter>
    </ClInclude>
    <ClInclude Include="SDK\parsemsg.h">
      <Filter>SDK</Filter>
    </ClInclude>
    <ClInclude Include="SDK\particledef.h">
      <Filter>SDK</Filter>
    </ClInclude>
    <ClInclude Include="SDK\pm_defs.h">
      <Filter>SDK</Filter>
    </ClInclude>
    <ClInclude Include="SDK\pm_info.h">
      <Filter>SDK</Filter>
    </ClInclude>
    <ClInclude Include="SDK\pm_materials.h">
      <Filter>SDK</Filter>
    </ClInclude>
    <ClInclude Include="SDK\pmtrace.h">
      <Filter>SDK</Filter>
    </ClInclude>
    <ClInclude Include="SDK\progdefs.h">
      <Filter>SDK</Filter>
    </ClInclude>
    <ClInclude Include="SDK\progs.h">
      <Filter>SDK</Filter>
    </ClInclude>
    <ClInclude Include="SDK\qfont.h">
      <Filter>SDK</Filter>
    </ClInclude>
    <ClInclude Include="SDK\r_efx.h">
      <Filter>SDK</Filter>
    </ClInclude>
    <ClInclude Include="SDK\r_studioint.h">
      <Filter>SDK</Filter>
    </ClInclude>
    <ClInclude Include="SDK\ref_params.h">
      <Filter>SDK</Filter>
    </ClInclude>
    <ClInclude Include="SDK\screenfade.h">
      <Filter>SDK</Filter>
    </ClInclude>
    <ClInclude Include="SDK\shake.h">
      <Filter>SDK</Filter>
    </ClInclude>
    <ClInclude Include="SDK\sprites.h">
      <Filter>SDK</Filter>
    </ClInclude>
    <ClInclude Include="SDK\studio.h">
      <Filter>SDK</Filter>
    </ClInclude>
    <ClInclude Include="SDK\studio_event.h">
      <Filter>SDK</Filter>
    </ClInclude>
    <ClInclude Include="SDK\triangleapi.h">
      <Filter>SDK</Filter>
    </ClInclude>
    <ClInclude Include="SDK\usercmd.h">
      <Filter>SDK</Filter>
    </ClInclude>
    <ClInclude Include="SDK\util_vector.h">
      <Filter>SDK</Filter>
    </ClInclude>
    <ClInclude Include="SDK\weaponinfo.h">
      <Filter>SDK</Filter>
    </ClInclude>
    <ClInclude Include="SDK\wrect.h">
      <Filter>SDK</Filter>
    </ClInclude>
    <ClInclude Include="cvar.h">
      <Filter>Header Files</Filter>
    </ClInclude>
    <ClInclude Include="igameconsole.h">
      <Filter>SDK</Filter>
    </ClInclude>
  </ItemGroup>
</Project>